// !$*UTF8*$!
{
	archiveVersion = 1;
	classes = {
	};
	objectVersion = 46;
	objects = {

/* Begin PBXBuildFile section */
		135F01401D81A89700B751A0 /* AppDelegate.swift in Sources */ = {isa = PBXBuildFile; fileRef = 135F013F1D81A89700B751A0 /* AppDelegate.swift */; };
		135F01421D81A89700B751A0 /* ViewController.swift in Sources */ = {isa = PBXBuildFile; fileRef = 135F01411D81A89700B751A0 /* ViewController.swift */; };
		135F01451D81A89700B751A0 /* Main.storyboard in Resources */ = {isa = PBXBuildFile; fileRef = 135F01431D81A89700B751A0 /* Main.storyboard */; };
		135F01471D81A89700B751A0 /* Assets.xcassets in Resources */ = {isa = PBXBuildFile; fileRef = 135F01461D81A89700B751A0 /* Assets.xcassets */; };
		135F014A1D81A89700B751A0 /* LaunchScreen.storyboard in Resources */ = {isa = PBXBuildFile; fileRef = 135F01481D81A89700B751A0 /* LaunchScreen.storyboard */; };
		13AFA2131D8D8A7C00427C3F /* LoginViewController.swift in Sources */ = {isa = PBXBuildFile; fileRef = 13AFA2121D8D8A7C00427C3F /* LoginViewController.swift */; };
		13E236021D844FEE0086629A /* LiveChat.swift in Sources */ = {isa = PBXBuildFile; fileRef = 13E236011D844FEE0086629A /* LiveChat.swift */; };
		AFE4095F6027B41E792445FD /* Pods_PuristChat.framework in Frameworks */ = {isa = PBXBuildFile; fileRef = 8F6DADAB248E2510ADE1E18B /* Pods_PuristChat.framework */; };
/* End PBXBuildFile section */

/* Begin PBXFileReference section */
		0E164E80BA56FDB1FE03FAFC /* Pods-PuristChat.debug.xcconfig */ = {isa = PBXFileReference; includeInIndex = 1; lastKnownFileType = text.xcconfig; name = "Pods-PuristChat.debug.xcconfig"; path = "Pods/Target Support Files/Pods-PuristChat/Pods-PuristChat.debug.xcconfig"; sourceTree = "<group>"; };
		135F013C1D81A89700B751A0 /* PuristChat.app */ = {isa = PBXFileReference; explicitFileType = wrapper.application; includeInIndex = 0; path = PuristChat.app; sourceTree = BUILT_PRODUCTS_DIR; };
		135F013F1D81A89700B751A0 /* AppDelegate.swift */ = {isa = PBXFileReference; lastKnownFileType = sourcecode.swift; path = AppDelegate.swift; sourceTree = "<group>"; };
		135F01411D81A89700B751A0 /* ViewController.swift */ = {isa = PBXFileReference; lastKnownFileType = sourcecode.swift; path = ViewController.swift; sourceTree = "<group>"; };
		135F01441D81A89700B751A0 /* Base */ = {isa = PBXFileReference; lastKnownFileType = file.storyboard; name = Base; path = Base.lproj/Main.storyboard; sourceTree = "<group>"; };
		135F01461D81A89700B751A0 /* Assets.xcassets */ = {isa = PBXFileReference; lastKnownFileType = folder.assetcatalog; path = Assets.xcassets; sourceTree = "<group>"; };
		135F01491D81A89700B751A0 /* Base */ = {isa = PBXFileReference; lastKnownFileType = file.storyboard; name = Base; path = Base.lproj/LaunchScreen.storyboard; sourceTree = "<group>"; };
		135F014B1D81A89700B751A0 /* Info.plist */ = {isa = PBXFileReference; lastKnownFileType = text.plist.xml; path = Info.plist; sourceTree = "<group>"; };
		13AFA2121D8D8A7C00427C3F /* LoginViewController.swift */ = {isa = PBXFileReference; fileEncoding = 4; lastKnownFileType = sourcecode.swift; path = LoginViewController.swift; sourceTree = "<group>"; };
		13E236011D844FEE0086629A /* LiveChat.swift */ = {isa = PBXFileReference; fileEncoding = 4; lastKnownFileType = sourcecode.swift; path = LiveChat.swift; sourceTree = "<group>"; };
		8F6DADAB248E2510ADE1E18B /* Pods_PuristChat.framework */ = {isa = PBXFileReference; explicitFileType = wrapper.framework; includeInIndex = 0; path = Pods_PuristChat.framework; sourceTree = BUILT_PRODUCTS_DIR; };
		EC4BFE59B05603905CDD3329 /* Pods-PuristChat.release.xcconfig */ = {isa = PBXFileReference; includeInIndex = 1; lastKnownFileType = text.xcconfig; name = "Pods-PuristChat.release.xcconfig"; path = "Pods/Target Support Files/Pods-PuristChat/Pods-PuristChat.release.xcconfig"; sourceTree = "<group>"; };
/* End PBXFileReference section */

/* Begin PBXFrameworksBuildPhase section */
		135F01391D81A89700B751A0 /* Frameworks */ = {
			isa = PBXFrameworksBuildPhase;
			buildActionMask = 2147483647;
			files = (
				AFE4095F6027B41E792445FD /* Pods_PuristChat.framework in Frameworks */,
			);
			runOnlyForDeploymentPostprocessing = 0;
		};
/* End PBXFrameworksBuildPhase section */

/* Begin PBXGroup section */
		135F01331D81A89700B751A0 = {
			isa = PBXGroup;
			children = (
				135F013E1D81A89700B751A0 /* PuristChat */,
				135F013D1D81A89700B751A0 /* Products */,
				8E062CDB2A4E846C33B539FF /* Pods */,
				E902F0169E7087E84196B4D9 /* Frameworks */,
			);
			sourceTree = "<group>";
		};
		135F013D1D81A89700B751A0 /* Products */ = {
			isa = PBXGroup;
			children = (
				135F013C1D81A89700B751A0 /* PuristChat.app */,
			);
			name = Products;
			sourceTree = "<group>";
		};
		135F013E1D81A89700B751A0 /* PuristChat */ = {
			isa = PBXGroup;
			children = (
				135F013F1D81A89700B751A0 /* AppDelegate.swift */,
				135F01411D81A89700B751A0 /* ViewController.swift */,
				135F01431D81A89700B751A0 /* Main.storyboard */,
				135F01461D81A89700B751A0 /* Assets.xcassets */,
				135F01481D81A89700B751A0 /* LaunchScreen.storyboard */,
				135F014B1D81A89700B751A0 /* Info.plist */,
				13E236011D844FEE0086629A /* LiveChat.swift */,
				13AFA2121D8D8A7C00427C3F /* LoginViewController.swift */,
			);
			path = PuristChat;
			sourceTree = "<group>";
		};
		8E062CDB2A4E846C33B539FF /* Pods */ = {
			isa = PBXGroup;
			children = (
				0E164E80BA56FDB1FE03FAFC /* Pods-PuristChat.debug.xcconfig */,
				EC4BFE59B05603905CDD3329 /* Pods-PuristChat.release.xcconfig */,
			);
			name = Pods;
			sourceTree = "<group>";
		};
		E902F0169E7087E84196B4D9 /* Frameworks */ = {
			isa = PBXGroup;
			children = (
				8F6DADAB248E2510ADE1E18B /* Pods_PuristChat.framework */,
			);
			name = Frameworks;
			sourceTree = "<group>";
		};
/* End PBXGroup section */

/* Begin PBXNativeTarget section */
		135F013B1D81A89700B751A0 /* PuristChat */ = {
			isa = PBXNativeTarget;
			buildConfigurationList = 135F014E1D81A89700B751A0 /* Build configuration list for PBXNativeTarget "PuristChat" */;
			buildPhases = (
				8208E397EB21AD12315AB1A1 /* 📦 Check Pods Manifest.lock */,
				135F01381D81A89700B751A0 /* Sources */,
				135F01391D81A89700B751A0 /* Frameworks */,
				135F013A1D81A89700B751A0 /* Resources */,
				639EF4AC828375D282113EB0 /* 📦 Embed Pods Frameworks */,
				D1F129EF59BD6B3383D50667 /* 📦 Copy Pods Resources */,
			);
			buildRules = (
			);
			dependencies = (
			);
			name = PuristChat;
			productName = PuristChat;
			productReference = 135F013C1D81A89700B751A0 /* PuristChat.app */;
			productType = "com.apple.product-type.application";
		};
/* End PBXNativeTarget section */

/* Begin PBXProject section */
		135F01341D81A89700B751A0 /* Project object */ = {
			isa = PBXProject;
			attributes = {
				LastSwiftUpdateCheck = 0730;
				LastUpgradeCheck = 0730;
				ORGANIZATIONNAME = JasonChi;
				TargetAttributes = {
					135F013B1D81A89700B751A0 = {
						CreatedOnToolsVersion = 7.3;
						DevelopmentTeam = 7BM3YJ6WLE;
					};
				};
			};
			buildConfigurationList = 135F01371D81A89700B751A0 /* Build configuration list for PBXProject "PuristChat" */;
			compatibilityVersion = "Xcode 3.2";
			developmentRegion = English;
			hasScannedForEncodings = 0;
			knownRegions = (
				en,
				Base,
			);
			mainGroup = 135F01331D81A89700B751A0;
			productRefGroup = 135F013D1D81A89700B751A0 /* Products */;
			projectDirPath = "";
			projectRoot = "";
			targets = (
				135F013B1D81A89700B751A0 /* PuristChat */,
			);
		};
/* End PBXProject section */

/* Begin PBXResourcesBuildPhase section */
		135F013A1D81A89700B751A0 /* Resources */ = {
			isa = PBXResourcesBuildPhase;
			buildActionMask = 2147483647;
			files = (
				135F014A1D81A89700B751A0 /* LaunchScreen.storyboard in Resources */,
				135F01471D81A89700B751A0 /* Assets.xcassets in Resources */,
				135F01451D81A89700B751A0 /* Main.storyboard in Resources */,
			);
			runOnlyForDeploymentPostprocessing = 0;
		};
/* End PBXResourcesBuildPhase section */

/* Begin PBXShellScriptBuildPhase section */
		639EF4AC828375D282113EB0 /* 📦 Embed Pods Frameworks */ = {
			isa = PBXShellScriptBuildPhase;
			buildActionMask = 2147483647;
			files = (
			);
			inputPaths = (
			);
			name = "📦 Embed Pods Frameworks";
			outputPaths = (
			);
			runOnlyForDeploymentPostprocessing = 0;
			shellPath = /bin/sh;
			shellScript = "\"${SRCROOT}/Pods/Target Support Files/Pods-PuristChat/Pods-PuristChat-frameworks.sh\"\n";
			showEnvVarsInLog = 0;
		};
		8208E397EB21AD12315AB1A1 /* 📦 Check Pods Manifest.lock */ = {
			isa = PBXShellScriptBuildPhase;
			buildActionMask = 2147483647;
			files = (
			);
			inputPaths = (
			);
			name = "📦 Check Pods Manifest.lock";
			outputPaths = (
			);
			runOnlyForDeploymentPostprocessing = 0;
			shellPath = /bin/sh;
			shellScript = "diff \"${PODS_ROOT}/../Podfile.lock\" \"${PODS_ROOT}/Manifest.lock\" > /dev/null\nif [[ $? != 0 ]] ; then\n    cat << EOM\nerror: The sandbox is not in sync with the Podfile.lock. Run 'pod install' or update your CocoaPods installation.\nEOM\n    exit 1\nfi\n";
			showEnvVarsInLog = 0;
		};
		D1F129EF59BD6B3383D50667 /* 📦 Copy Pods Resources */ = {
			isa = PBXShellScriptBuildPhase;
			buildActionMask = 2147483647;
			files = (
			);
			inputPaths = (
			);
			name = "📦 Copy Pods Resources";
			outputPaths = (
			);
			runOnlyForDeploymentPostprocessing = 0;
			shellPath = /bin/sh;
			shellScript = "\"${SRCROOT}/Pods/Target Support Files/Pods-PuristChat/Pods-PuristChat-resources.sh\"\n";
			showEnvVarsInLog = 0;
		};
/* End PBXShellScriptBuildPhase section */

/* Begin PBXSourcesBuildPhase section */
		135F01381D81A89700B751A0 /* Sources */ = {
			isa = PBXSourcesBuildPhase;
			buildActionMask = 2147483647;
			files = (
				13AFA2131D8D8A7C00427C3F /* LoginViewController.swift in Sources */,
				135F01421D81A89700B751A0 /* ViewController.swift in Sources */,
				13E236021D844FEE0086629A /* LiveChat.swift in Sources */,
				135F01401D81A89700B751A0 /* AppDelegate.swift in Sources */,
			);
			runOnlyForDeploymentPostprocessing = 0;
		};
/* End PBXSourcesBuildPhase section */

/* Begin PBXVariantGroup section */
		135F01431D81A89700B751A0 /* Main.storyboard */ = {
			isa = PBXVariantGroup;
			children = (
				135F01441D81A89700B751A0 /* Base */,
			);
			name = Main.storyboard;
			sourceTree = "<group>";
		};
		135F01481D81A89700B751A0 /* LaunchScreen.storyboard */ = {
			isa = PBXVariantGroup;
			children = (
				135F01491D81A89700B751A0 /* Base */,
			);
			name = LaunchScreen.storyboard;
			sourceTree = "<group>";
		};
/* End PBXVariantGroup section */

/* Begin XCBuildConfiguration section */
		135F014C1D81A89700B751A0 /* Debug */ = {
			isa = XCBuildConfiguration;
			buildSettings = {
				ALWAYS_SEARCH_USER_PATHS = NO;
				CLANG_ANALYZER_NONNULL = YES;
				CLANG_CXX_LANGUAGE_STANDARD = "gnu++0x";
				CLANG_CXX_LIBRARY = "libc++";
				CLANG_ENABLE_MODULES = YES;
				CLANG_ENABLE_OBJC_ARC = YES;
				CLANG_WARN_BOOL_CONVERSION = YES;
				CLANG_WARN_CONSTANT_CONVERSION = YES;
				CLANG_WARN_DIRECT_OBJC_ISA_USAGE = YES_ERROR;
				CLANG_WARN_EMPTY_BODY = YES;
				CLANG_WARN_ENUM_CONVERSION = YES;
				CLANG_WARN_INT_CONVERSION = YES;
				CLANG_WARN_OBJC_ROOT_CLASS = YES_ERROR;
				CLANG_WARN_UNREACHABLE_CODE = YES;
				CLANG_WARN__DUPLICATE_METHOD_MATCH = YES;
				"CODE_SIGN_IDENTITY[sdk=iphoneos*]" = "iPhone Developer";
				COPY_PHASE_STRIP = NO;
				DEBUG_INFORMATION_FORMAT = dwarf;
				ENABLE_STRICT_OBJC_MSGSEND = YES;
				ENABLE_TESTABILITY = YES;
				GCC_C_LANGUAGE_STANDARD = gnu99;
				GCC_DYNAMIC_NO_PIC = NO;
				GCC_NO_COMMON_BLOCKS = YES;
				GCC_OPTIMIZATION_LEVEL = 0;
				GCC_PREPROCESSOR_DEFINITIONS = (
					"DEBUG=1",
					"$(inherited)",
				);
				GCC_WARN_64_TO_32_BIT_CONVERSION = YES;
				GCC_WARN_ABOUT_RETURN_TYPE = YES_ERROR;
				GCC_WARN_UNDECLARED_SELECTOR = YES;
				GCC_WARN_UNINITIALIZED_AUTOS = YES_AGGRESSIVE;
				GCC_WARN_UNUSED_FUNCTION = YES;
				GCC_WARN_UNUSED_VARIABLE = YES;
				IPHONEOS_DEPLOYMENT_TARGET = 9.3;
				MTL_ENABLE_DEBUG_INFO = YES;
				ONLY_ACTIVE_ARCH = YES;
				SDKROOT = iphoneos;
				SWIFT_OPTIMIZATION_LEVEL = "-Onone";
				TARGETED_DEVICE_FAMILY = "1,2";
			};
			name = Debug;
		};
		135F014D1D81A89700B751A0 /* Release */ = {
			isa = XCBuildConfiguration;
			buildSettings = {
				ALWAYS_SEARCH_USER_PATHS = NO;
				CLANG_ANALYZER_NONNULL = YES;
				CLANG_CXX_LANGUAGE_STANDARD = "gnu++0x";
				CLANG_CXX_LIBRARY = "libc++";
				CLANG_ENABLE_MODULES = YES;
				CLANG_ENABLE_OBJC_ARC = YES;
				CLANG_WARN_BOOL_CONVERSION = YES;
				CLANG_WARN_CONSTANT_CONVERSION = YES;
				CLANG_WARN_DIRECT_OBJC_ISA_USAGE = YES_ERROR;
				CLANG_WARN_EMPTY_BODY = YES;
				CLANG_WARN_ENUM_CONVERSION = YES;
				CLANG_WARN_INT_CONVERSION = YES;
				CLANG_WARN_OBJC_ROOT_CLASS = YES_ERROR;
				CLANG_WARN_UNREACHABLE_CODE = YES;
				CLANG_WARN__DUPLICATE_METHOD_MATCH = YES;
				"CODE_SIGN_IDENTITY[sdk=iphoneos*]" = "iPhone Developer";
				COPY_PHASE_STRIP = NO;
				DEBUG_INFORMATION_FORMAT = "dwarf-with-dsym";
				ENABLE_NS_ASSERTIONS = NO;
				ENABLE_STRICT_OBJC_MSGSEND = YES;
				GCC_C_LANGUAGE_STANDARD = gnu99;
				GCC_NO_COMMON_BLOCKS = YES;
				GCC_WARN_64_TO_32_BIT_CONVERSION = YES;
				GCC_WARN_ABOUT_RETURN_TYPE = YES_ERROR;
				GCC_WARN_UNDECLARED_SELECTOR = YES;
				GCC_WARN_UNINITIALIZED_AUTOS = YES_AGGRESSIVE;
				GCC_WARN_UNUSED_FUNCTION = YES;
				GCC_WARN_UNUSED_VARIABLE = YES;
				IPHONEOS_DEPLOYMENT_TARGET = 9.3;
				MTL_ENABLE_DEBUG_INFO = NO;
				SDKROOT = iphoneos;
				TARGETED_DEVICE_FAMILY = "1,2";
				VALIDATE_PRODUCT = YES;
			};
			name = Release;
		};
		135F014F1D81A89700B751A0 /* Debug */ = {
			isa = XCBuildConfiguration;
			baseConfigurationReference = 0E164E80BA56FDB1FE03FAFC /* Pods-PuristChat.debug.xcconfig */;
			buildSettings = {
				ASSETCATALOG_COMPILER_APPICON_NAME = AppIcon;
				CODE_SIGN_IDENTITY = "iPhone Developer";
				INFOPLIST_FILE = PuristChat/Info.plist;
				LD_RUNPATH_SEARCH_PATHS = "$(inherited) @executable_path/Frameworks";
				PRODUCT_BUNDLE_IDENTIFIER = com.myswiftlearning.jasonchi.PuristChat;
				PRODUCT_NAME = "$(TARGET_NAME)";
			};
			name = Debug;
		};
		135F01501D81A89700B751A0 /* Release */ = {
			isa = XCBuildConfiguration;
			baseConfigurationReference = EC4BFE59B05603905CDD3329 /* Pods-PuristChat.release.xcconfig */;
			buildSettings = {
				ASSETCATALOG_COMPILER_APPICON_NAME = AppIcon;
				CODE_SIGN_IDENTITY = "iPhone Developer";
				INFOPLIST_FILE = PuristChat/Info.plist;
				LD_RUNPATH_SEARCH_PATHS = "$(inherited) @executable_path/Frameworks";
				PRODUCT_BUNDLE_IDENTIFIER = com.myswiftlearning.jasonchi.PuristChat;
				PRODUCT_NAME = "$(TARGET_NAME)";
			};
			name = Release;
		};
/* End XCBuildConfiguration section */

/* Begin XCConfigurationList section */
		135F01371D81A89700B751A0 /* Build configuration list for PBXProject "PuristChat" */ = {
			isa = XCConfigurationList;
			buildConfigurations = (
				135F014C1D81A89700B751A0 /* Debug */,
				135F014D1D81A89700B751A0 /* Release */,
			);
			defaultConfigurationIsVisible = 0;
			defaultConfigurationName = Release;
		};
		135F014E1D81A89700B751A0 /* Build configuration list for PBXNativeTarget "PuristChat" */ = {
			isa = XCConfigurationList;
			buildConfigurations = (
				135F014F1D81A89700B751A0 /* Debug */,
				135F01501D81A89700B751A0 /* Release */,
			);
			defaultConfigurationIsVisible = 0;
			defaultConfigurationName = Release;
		};
/* End XCConfigurationList section */
	};
	rootObject = 135F01341D81A89700B751A0 /* Project object */;
}
